
Microsoft Visual Studio Solution File, Format Version 12.00
# Visual Studio Version 16
VisualStudioVersion = 16.0.32106.194
MinimumVisualStudioVersion = 10.0.40219.1
Project("{8BC9CEB8-8B4A-11D0-8D11-00A0C91BC942}") = "PhoneCallSynchronizerWin32", "PhoneCallSynchronizerWin32.vcxproj", "{642611B7-37BD-4EA0-A763-47F9B8A33D19}"
EndProject
Project("{930C7802-8A8C-48F9-8165-68863BCCD9DD}") = "PhoneCallSynchronizerWin32_Setup", "..\PhoneCallSynchronizerWin32_Setup\PhoneCallSynchronizerWin32_Setup.wixproj", "{EED97205-BCB3-40F8-BB76-A8C98C757B91}"
EndProject
Global
	GlobalSection(SolutionConfigurationPlatforms) = preSolution
		Debug|x64 = Debug|x64
		Debug|x86 = Debug|x86
		Release|x64 = Release|x64
		Release|x86 = Release|x86
	EndGlobalSection
	GlobalSection(ProjectConfigurationPlatforms) = postSolution
		{642611B7-37BD-4EA0-A763-47F9B8A33D19}.Debug|x64.ActiveCfg = Debug|x64
		{642611B7-37BD-4EA0-A763-47F9B8A33D19}.Debug|x64.Build.0 = Debug|x64
		{642611B7-37BD-4EA0-A763-47F9B8A33D19}.Debug|x86.ActiveCfg = Debug|Win32
		{642611B7-37BD-4EA0-A763-47F9B8A33D19}.Debug|x86.Build.0 = Debug|Win32
		{642611B7-37BD-4EA0-A763-47F9B8A33D19}.Release|x64.ActiveCfg = Release|x64
		{642611B7-37BD-4EA0-A763-47F9B8A33D19}.Release|x64.Build.0 = Release|x64
		{642611B7-37BD-4EA0-A763-47F9B8A33D19}.Release|x86.ActiveCfg = Release|Win32
		{642611B7-37BD-4EA0-A763-47F9B8A33D19}.Release|x86.Build.0 = Release|Win32
		{EED97205-BCB3-40F8-BB76-A8C98C757B91}.Debug|x64.ActiveCfg = Debug|x86
		{EED97205-BCB3-40F8-BB76-A8C98C757B91}.Debug|x86.ActiveCfg = Debug|x86
		{EED97205-BCB3-40F8-BB76-A8C98C757B91}.Debug|x86.Build.0 = Debug|x86
		{EED97205-BCB3-40F8-BB76-A8C98C757B91}.Release|x64.ActiveCfg = Release|x86
		{EED97205-BCB3-40F8-BB76-A8C98C757B91}.Release|x86.ActiveCfg = Release|x86
		{EED97205-BCB3-40F8-BB76-A8C98C757B91}.Release|x86.Build.0 = Release|x86
	EndGlobalSection
	GlobalSection(SolutionProperties) = preSolution
		HideSolutionNode = FALSE
	EndGlobalSection
	GlobalSection(ExtensibilityGlobals) = postSolution
		SolutionGuid = {E4AA0261-CA15-4D06-9A42-9EECF1E46B2A}
	EndGlobalSection
EndGlobal
